PODS:
  - Masonry (1.1.0)
  - MTHome (0.1.0):
    - Masonry
    - MTHome/Data (= 0.1.0)
    - MTHome/Service (= 0.1.0)
    - MTHome/UI (= 0.1.0)
  - MTHome/Data (0.1.0):
    - Masonry
  - MTHome/Service (0.1.0):
    - Masonry
  - MTHome/UI (0.1.0):
    - Masonry

DEPENDENCIES:
  - MTHome (from `../`)

SPEC REPOS:
  trunk:
    - Masonry

EXTERNAL SOURCES:
  MTHome:
    :path: "../"

SPEC CHECKSUMS:
  Masonry: 678fab65091a9290e40e2832a55e7ab731aad201
  MTHome: b21b9dcec83a2e9cc8936a0200418ee0e4faafc6

PODFILE CHECKSUM: c543535005723cbedc502a1c1c5f9d35e8c92714

COCOAPODS: 1.9.3
