PODS:
  - Masonry (1.1.0)
  - MTHome (0.0.2):
    - Masonry
    - MTHome/Content (= 0.0.2)
  - MTHome/Content (0.0.2):
    - Masonry

DEPENDENCIES:
  - MTHome (from `../`)

SPEC REPOS:
  trunk:
    - Masonry

EXTERNAL SOURCES:
  MTHome:
    :path: "../"

SPEC CHECKSUMS:
  Masonry: 678fab65091a9290e40e2832a55e7ab731aad201
  MTHome: 95f32ff0fd775feeedcb59486595a2ba46008dac

PODFILE CHECKSUM: c543535005723cbedc502a1c1c5f9d35e8c92714

COCOAPODS: 1.9.3
